
Microsoft Visual Studio Solution File, Format Version 12.00
# Visual Studio Version 16
VisualStudioVersion = 16.0.30104.148
MinimumVisualStudioVersion = 10.0.40219.1
Project("{FAE04EC0-301F-11D3-BF4B-00C04F79EFBC}") = "ServerConfigRest_20190140011_Bima Bayu Saputra", "ServerConfigRest_20190140011_Bima Bayu Saputra\ServerConfigRest_20190140011_Bima Bayu Saputra.csproj", "{2F92490A-1852-442B-8CA3-48B085080FD1}"
EndProject
Global
	GlobalSection(SolutionConfigurationPlatforms) = preSolution
		Debug|Any CPU = Debug|Any CPU
		Release|Any CPU = Release|Any CPU
	EndGlobalSection
	GlobalSection(ProjectConfigurationPlatforms) = postSolution
		{2F92490A-1852-442B-8CA3-48B085080FD1}.Debug|Any CPU.ActiveCfg = Debug|Any CPU
		{2F92490A-1852-442B-8CA3-48B085080FD1}.Debug|Any CPU.Build.0 = Debug|Any CPU
		{2F92490A-1852-442B-8CA3-48B085080FD1}.Release|Any CPU.ActiveCfg = Release|Any CPU
		{2F92490A-1852-442B-8CA3-48B085080FD1}.Release|Any CPU.Build.0 = Release|Any CPU
	EndGlobalSection
	GlobalSection(SolutionProperties) = preSolution
		HideSolutionNode = FALSE
	EndGlobalSection
	GlobalSection(ExtensibilityGlobals) = postSolution
		SolutionGuid = {8B4E1B2E-BF87-4541-99BE-70A28AC14B9E}
	EndGlobalSection
EndGlobal
